
Microsoft Visual Studio Solution File, Format Version 12.00
# Visual Studio Version 16
VisualStudioVersion = 16.0.30320.27
MinimumVisualStudioVersion = 10.0.40219.1
Project("{9A19103F-16F7-4668-BE54-9A1E7A4F7556}") = "MvcMovie", "MvcMovie\MvcMovie.csproj", "{7044C688-877A-46AC-BE20-E58653DB3B1C}"
EndProject
Global
	GlobalSection(SolutionConfigurationPlatforms) = preSolution
		Debug|Any CPU = Debug|Any CPU
		Release|Any CPU = Release|Any CPU
	EndGlobalSection
	GlobalSection(ProjectConfigurationPlatforms) = postSolution
		{7044C688-877A-46AC-BE20-E58653DB3B1C}.Debug|Any CPU.ActiveCfg = Debug|Any CPU
		{7044C688-877A-46AC-BE20-E58653DB3B1C}.Debug|Any CPU.Build.0 = Debug|Any CPU
		{7044C688-877A-46AC-BE20-E58653DB3B1C}.Release|Any CPU.ActiveCfg = Release|Any CPU
		{7044C688-877A-46AC-BE20-E58653DB3B1C}.Release|Any CPU.Build.0 = Release|Any CPU
	EndGlobalSection
	GlobalSection(SolutionProperties) = preSolution
		HideSolutionNode = FALSE
	EndGlobalSection
	GlobalSection(ExtensibilityGlobals) = postSolution
		SolutionGuid = {E0AC3B26-DBC5-49E7-82F3-182AEB5C311C}
	EndGlobalSection
EndGlobal
